
Microsoft Visual Studio Solution File, Format Version 12.00
# Visual Studio Version 16
VisualStudioVersion = 16.0.30320.27
MinimumVisualStudioVersion = 10.0.40219.1
Project("{FAE04EC0-301F-11D3-BF4B-00C04F79EFBC}") = "TransmittalCreator", "TransmittalCreator\TransmittalCreator.csproj", "{E94B4174-A522-44E7-B518-735E7A9CAB64}"
EndProject
Project("{FAE04EC0-301F-11D3-BF4B-00C04F79EFBC}") = "BlockExtractorView", "BlockExtractorView\BlockExtractorView.csproj", "{6CDF9AC7-1E1D-4DF9-B718-4E4C0C4B7A9B}"
EndProject
Project("{FAE04EC0-301F-11D3-BF4B-00C04F79EFBC}") = "TestConsole", "TestConsole\TestConsole.csproj", "{DA7BD1F3-C1ED-4A00-AD27-0617FCA4F3E2}"
EndProject
Project("{FAE04EC0-301F-11D3-BF4B-00C04F79EFBC}") = "WpfAppForTest.App", "WpfAppForTest.App\WpfAppForTest.App.csproj", "{E7CE7B38-85DF-4A0E-851F-6A3790E6382D}"
EndProject
Project("{FAE04EC0-301F-11D3-BF4B-00C04F79EFBC}") = "TestWPF", "TestWPF\TestWPF.csproj", "{849D25A1-F4E7-4D21-848C-670AB328898D}"
EndProject
Project("{930C7802-8A8C-48F9-8165-68863BCCD9DD}") = "Transmittals", "AppSetupProject\Transmittals.wixproj", "{9FD2FC17-A486-484E-B509-6F2C70C542E5}"
EndProject
Global
	GlobalSection(SolutionConfigurationPlatforms) = preSolution
		Debug|Any CPU = Debug|Any CPU
		Debug|x86 = Debug|x86
		R2015|Any CPU = R2015|Any CPU
		R2015|x86 = R2015|x86
		Release|Any CPU = Release|Any CPU
		Release|x86 = Release|x86
	EndGlobalSection
	GlobalSection(ProjectConfigurationPlatforms) = postSolution
		{E94B4174-A522-44E7-B518-735E7A9CAB64}.Debug|Any CPU.ActiveCfg = Debug|Any CPU
		{E94B4174-A522-44E7-B518-735E7A9CAB64}.Debug|Any CPU.Build.0 = Debug|Any CPU
		{E94B4174-A522-44E7-B518-735E7A9CAB64}.Debug|x86.ActiveCfg = Debug|Any CPU
		{E94B4174-A522-44E7-B518-735E7A9CAB64}.Debug|x86.Build.0 = Debug|Any CPU
		{E94B4174-A522-44E7-B518-735E7A9CAB64}.R2015|Any CPU.ActiveCfg = Release|Any CPU
		{E94B4174-A522-44E7-B518-735E7A9CAB64}.R2015|Any CPU.Build.0 = Release|Any CPU
		{E94B4174-A522-44E7-B518-735E7A9CAB64}.R2015|x86.ActiveCfg = Release|Any CPU
		{E94B4174-A522-44E7-B518-735E7A9CAB64}.R2015|x86.Build.0 = Release|Any CPU
		{E94B4174-A522-44E7-B518-735E7A9CAB64}.Release|Any CPU.ActiveCfg = Release|Any CPU
		{E94B4174-A522-44E7-B518-735E7A9CAB64}.Release|Any CPU.Build.0 = Release|Any CPU
		{E94B4174-A522-44E7-B518-735E7A9CAB64}.Release|x86.ActiveCfg = Release|Any CPU
		{E94B4174-A522-44E7-B518-735E7A9CAB64}.Release|x86.Build.0 = Release|Any CPU
		{6CDF9AC7-1E1D-4DF9-B718-4E4C0C4B7A9B}.Debug|Any CPU.ActiveCfg = Debug|Any CPU
		{6CDF9AC7-1E1D-4DF9-B718-4E4C0C4B7A9B}.Debug|Any CPU.Build.0 = Debug|Any CPU
		{6CDF9AC7-1E1D-4DF9-B718-4E4C0C4B7A9B}.Debug|x86.ActiveCfg = Debug|Any CPU
		{6CDF9AC7-1E1D-4DF9-B718-4E4C0C4B7A9B}.Debug|x86.Build.0 = Debug|Any CPU
		{6CDF9AC7-1E1D-4DF9-B718-4E4C0C4B7A9B}.R2015|Any CPU.ActiveCfg = Release|Any CPU
		{6CDF9AC7-1E1D-4DF9-B718-4E4C0C4B7A9B}.R2015|x86.ActiveCfg = Release|Any CPU
		{6CDF9AC7-1E1D-4DF9-B718-4E4C0C4B7A9B}.R2015|x86.Build.0 = Release|Any CPU
		{6CDF9AC7-1E1D-4DF9-B718-4E4C0C4B7A9B}.Release|Any CPU.ActiveCfg = Release|Any CPU
		{6CDF9AC7-1E1D-4DF9-B718-4E4C0C4B7A9B}.Release|Any CPU.Build.0 = Release|Any CPU
		{6CDF9AC7-1E1D-4DF9-B718-4E4C0C4B7A9B}.Release|x86.ActiveCfg = Release|Any CPU
		{6CDF9AC7-1E1D-4DF9-B718-4E4C0C4B7A9B}.Release|x86.Build.0 = Release|Any CPU
		{DA7BD1F3-C1ED-4A00-AD27-0617FCA4F3E2}.Debug|Any CPU.ActiveCfg = Debug|Any CPU
		{DA7BD1F3-C1ED-4A00-AD27-0617FCA4F3E2}.Debug|Any CPU.Build.0 = Debug|Any CPU
		{DA7BD1F3-C1ED-4A00-AD27-0617FCA4F3E2}.Debug|x86.ActiveCfg = Debug|Any CPU
		{DA7BD1F3-C1ED-4A00-AD27-0617FCA4F3E2}.Debug|x86.Build.0 = Debug|Any CPU
		{DA7BD1F3-C1ED-4A00-AD27-0617FCA4F3E2}.R2015|Any CPU.ActiveCfg = Release|Any CPU
		{DA7BD1F3-C1ED-4A00-AD27-0617FCA4F3E2}.R2015|x86.ActiveCfg = Release|Any CPU
		{DA7BD1F3-C1ED-4A00-AD27-0617FCA4F3E2}.R2015|x86.Build.0 = Release|Any CPU
		{DA7BD1F3-C1ED-4A00-AD27-0617FCA4F3E2}.Release|Any CPU.ActiveCfg = Release|Any CPU
		{DA7BD1F3-C1ED-4A00-AD27-0617FCA4F3E2}.Release|Any CPU.Build.0 = Release|Any CPU
		{DA7BD1F3-C1ED-4A00-AD27-0617FCA4F3E2}.Release|x86.ActiveCfg = Release|Any CPU
		{DA7BD1F3-C1ED-4A00-AD27-0617FCA4F3E2}.Release|x86.Build.0 = Release|Any CPU
		{E7CE7B38-85DF-4A0E-851F-6A3790E6382D}.Debug|Any CPU.ActiveCfg = Debug|Any CPU
		{E7CE7B38-85DF-4A0E-851F-6A3790E6382D}.Debug|Any CPU.Build.0 = Debug|Any CPU
		{E7CE7B38-85DF-4A0E-851F-6A3790E6382D}.Debug|x86.ActiveCfg = Debug|Any CPU
		{E7CE7B38-85DF-4A0E-851F-6A3790E6382D}.Debug|x86.Build.0 = Debug|Any CPU
		{E7CE7B38-85DF-4A0E-851F-6A3790E6382D}.R2015|Any CPU.ActiveCfg = Release|Any CPU
		{E7CE7B38-85DF-4A0E-851F-6A3790E6382D}.R2015|Any CPU.Build.0 = Release|Any CPU
		{E7CE7B38-85DF-4A0E-851F-6A3790E6382D}.R2015|x86.ActiveCfg = Release|Any CPU
		{E7CE7B38-85DF-4A0E-851F-6A3790E6382D}.R2015|x86.Build.0 = Release|Any CPU
		{E7CE7B38-85DF-4A0E-851F-6A3790E6382D}.Release|Any CPU.ActiveCfg = Release|Any CPU
		{E7CE7B38-85DF-4A0E-851F-6A3790E6382D}.Release|Any CPU.Build.0 = Release|Any CPU
		{E7CE7B38-85DF-4A0E-851F-6A3790E6382D}.Release|x86.ActiveCfg = Release|Any CPU
		{E7CE7B38-85DF-4A0E-851F-6A3790E6382D}.Release|x86.Build.0 = Release|Any CPU
		{849D25A1-F4E7-4D21-848C-670AB328898D}.Debug|Any CPU.ActiveCfg = Debug|Any CPU
		{849D25A1-F4E7-4D21-848C-670AB328898D}.Debug|Any CPU.Build.0 = Debug|Any CPU
		{849D25A1-F4E7-4D21-848C-670AB328898D}.Debug|x86.ActiveCfg = Debug|Any CPU
		{849D25A1-F4E7-4D21-848C-670AB328898D}.Debug|x86.Build.0 = Debug|Any CPU
		{849D25A1-F4E7-4D21-848C-670AB328898D}.R2015|Any CPU.ActiveCfg = Release|Any CPU
		{849D25A1-F4E7-4D21-848C-670AB328898D}.R2015|Any CPU.Build.0 = Release|Any CPU
		{849D25A1-F4E7-4D21-848C-670AB328898D}.R2015|x86.ActiveCfg = Release|Any CPU
		{849D25A1-F4E7-4D21-848C-670AB328898D}.R2015|x86.Build.0 = Release|Any CPU
		{849D25A1-F4E7-4D21-848C-670AB328898D}.Release|Any CPU.ActiveCfg = Release|Any CPU
		{849D25A1-F4E7-4D21-848C-670AB328898D}.Release|Any CPU.Build.0 = Release|Any CPU
		{849D25A1-F4E7-4D21-848C-670AB328898D}.Release|x86.ActiveCfg = Release|Any CPU
		{849D25A1-F4E7-4D21-848C-670AB328898D}.Release|x86.Build.0 = Release|Any CPU
		{9FD2FC17-A486-484E-B509-6F2C70C542E5}.Debug|Any CPU.ActiveCfg = Debug|x86
		{9FD2FC17-A486-484E-B509-6F2C70C542E5}.Debug|x86.ActiveCfg = Debug|x86
		{9FD2FC17-A486-484E-B509-6F2C70C542E5}.Debug|x86.Build.0 = Debug|x86
		{9FD2FC17-A486-484E-B509-6F2C70C542E5}.R2015|Any CPU.ActiveCfg = Debug|x86
		{9FD2FC17-A486-484E-B509-6F2C70C542E5}.R2015|Any CPU.Build.0 = Debug|x86
		{9FD2FC17-A486-484E-B509-6F2C70C542E5}.R2015|x86.ActiveCfg = Release|x86
		{9FD2FC17-A486-484E-B509-6F2C70C542E5}.R2015|x86.Build.0 = Release|x86
		{9FD2FC17-A486-484E-B509-6F2C70C542E5}.Release|Any CPU.ActiveCfg = Release|x86
		{9FD2FC17-A486-484E-B509-6F2C70C542E5}.Release|Any CPU.Build.0 = Release|x86
		{9FD2FC17-A486-484E-B509-6F2C70C542E5}.Release|x86.ActiveCfg = Release|x86
		{9FD2FC17-A486-484E-B509-6F2C70C542E5}.Release|x86.Build.0 = Release|x86
	EndGlobalSection
	GlobalSection(SolutionProperties) = preSolution
		HideSolutionNode = FALSE
	EndGlobalSection
	GlobalSection(ExtensibilityGlobals) = postSolution
		SolutionGuid = {1A51EDF2-1574-4677-9ADC-497AA1EBB9D0}
	EndGlobalSection
EndGlobal
